
Microsoft Visual Studio Solution File, Format Version 12.00
# Visual Studio Version 17
VisualStudioVersion = 17.14.36203.30
MinimumVisualStudioVersion = 10.0.40219.1
Project("{2150E333-8FDC-42A3-9474-1A3956D46DE8}") = "src", "src", "{827E0CD3-B72D-47B6-A68D-7590B98EB39B}"
EndProject
Project("{2150E333-8FDC-42A3-9474-1A3956D46DE8}") = "BE", "BE", "{08F7B725-DE5F-4032-D172-198971FA7A47}"
EndProject
Project("{FAE04EC0-301F-11D3-BF4B-00C04F79EFBC}") = "OrchidsShop.API", "OrchidsShop.API\OrchidsShop.API.csproj", "{7CE831F5-A1AF-4E1C-8952-A18A94ADB9F4}"
EndProject
Project("{FAE04EC0-301F-11D3-BF4B-00C04F79EFBC}") = "OrchidsShop.BLL", "OrchidsShop.BLL\OrchidsShop.BLL.csproj", "{5DF42085-4AFD-41E8-B9F7-0E88F40F9B9B}"
EndProject
Project("{FAE04EC0-301F-11D3-BF4B-00C04F79EFBC}") = "OrchidsShop.DAL", "OrchidsShop.DAL\OrchidsShop.DAL.csproj", "{BF81D413-60BE-4B7B-BA0A-DF96EE25A0DA}"
EndProject
Project("{2150E333-8FDC-42A3-9474-1A3956D46DE8}") = "FE", "FE", "{9133C7DF-9E12-8DC3-92C3-20123F5F6235}"
EndProject
Project("{FAE04EC0-301F-11D3-BF4B-00C04F79EFBC}") = "OrchidsShop.PresentationLayer", "OrchidsShop.PresentationLayer\OrchidsShop.PresentationLayer.csproj", "{78F14F73-F14F-4E24-983B-D2FFF0171226}"
EndProject
Global
	GlobalSection(SolutionConfigurationPlatforms) = preSolution
		Debug|Any CPU = Debug|Any CPU
		Debug|x64 = Debug|x64
		Debug|x86 = Debug|x86
		Release|Any CPU = Release|Any CPU
		Release|x64 = Release|x64
		Release|x86 = Release|x86
	EndGlobalSection
	GlobalSection(ProjectConfigurationPlatforms) = postSolution
		{7CE831F5-A1AF-4E1C-8952-A18A94ADB9F4}.Debug|Any CPU.ActiveCfg = Debug|Any CPU
		{7CE831F5-A1AF-4E1C-8952-A18A94ADB9F4}.Debug|Any CPU.Build.0 = Debug|Any CPU
		{7CE831F5-A1AF-4E1C-8952-A18A94ADB9F4}.Debug|x64.ActiveCfg = Debug|Any CPU
		{7CE831F5-A1AF-4E1C-8952-A18A94ADB9F4}.Debug|x64.Build.0 = Debug|Any CPU
		{7CE831F5-A1AF-4E1C-8952-A18A94ADB9F4}.Debug|x86.ActiveCfg = Debug|Any CPU
		{7CE831F5-A1AF-4E1C-8952-A18A94ADB9F4}.Debug|x86.Build.0 = Debug|Any CPU
		{7CE831F5-A1AF-4E1C-8952-A18A94ADB9F4}.Release|Any CPU.ActiveCfg = Release|Any CPU
		{7CE831F5-A1AF-4E1C-8952-A18A94ADB9F4}.Release|Any CPU.Build.0 = Release|Any CPU
		{7CE831F5-A1AF-4E1C-8952-A18A94ADB9F4}.Release|x64.ActiveCfg = Release|Any CPU
		{7CE831F5-A1AF-4E1C-8952-A18A94ADB9F4}.Release|x64.Build.0 = Release|Any CPU
		{7CE831F5-A1AF-4E1C-8952-A18A94ADB9F4}.Release|x86.ActiveCfg = Release|Any CPU
		{7CE831F5-A1AF-4E1C-8952-A18A94ADB9F4}.Release|x86.Build.0 = Release|Any CPU
		{5DF42085-4AFD-41E8-B9F7-0E88F40F9B9B}.Debug|Any CPU.ActiveCfg = Debug|Any CPU
		{5DF42085-4AFD-41E8-B9F7-0E88F40F9B9B}.Debug|Any CPU.Build.0 = Debug|Any CPU
		{5DF42085-4AFD-41E8-B9F7-0E88F40F9B9B}.Debug|x64.ActiveCfg = Debug|Any CPU
		{5DF42085-4AFD-41E8-B9F7-0E88F40F9B9B}.Debug|x64.Build.0 = Debug|Any CPU
		{5DF42085-4AFD-41E8-B9F7-0E88F40F9B9B}.Debug|x86.ActiveCfg = Debug|Any CPU
		{5DF42085-4AFD-41E8-B9F7-0E88F40F9B9B}.Debug|x86.Build.0 = Debug|Any CPU
		{5DF42085-4AFD-41E8-B9F7-0E88F40F9B9B}.Release|Any CPU.ActiveCfg = Release|Any CPU
		{5DF42085-4AFD-41E8-B9F7-0E88F40F9B9B}.Release|Any CPU.Build.0 = Release|Any CPU
		{5DF42085-4AFD-41E8-B9F7-0E88F40F9B9B}.Release|x64.ActiveCfg = Release|Any CPU
		{5DF42085-4AFD-41E8-B9F7-0E88F40F9B9B}.Release|x64.Build.0 = Release|Any CPU
		{5DF42085-4AFD-41E8-B9F7-0E88F40F9B9B}.Release|x86.ActiveCfg = Release|Any CPU
		{5DF42085-4AFD-41E8-B9F7-0E88F40F9B9B}.Release|x86.Build.0 = Release|Any CPU
		{BF81D413-60BE-4B7B-BA0A-DF96EE25A0DA}.Debug|Any CPU.ActiveCfg = Debug|Any CPU
		{BF81D413-60BE-4B7B-BA0A-DF96EE25A0DA}.Debug|Any CPU.Build.0 = Debug|Any CPU
		{BF81D413-60BE-4B7B-BA0A-DF96EE25A0DA}.Debug|x64.ActiveCfg = Debug|Any CPU
		{BF81D413-60BE-4B7B-BA0A-DF96EE25A0DA}.Debug|x64.Build.0 = Debug|Any CPU
		{BF81D413-60BE-4B7B-BA0A-DF96EE25A0DA}.Debug|x86.ActiveCfg = Debug|Any CPU
		{BF81D413-60BE-4B7B-BA0A-DF96EE25A0DA}.Debug|x86.Build.0 = Debug|Any CPU
		{BF81D413-60BE-4B7B-BA0A-DF96EE25A0DA}.Release|Any CPU.ActiveCfg = Release|Any CPU
		{BF81D413-60BE-4B7B-BA0A-DF96EE25A0DA}.Release|Any CPU.Build.0 = Release|Any CPU
		{BF81D413-60BE-4B7B-BA0A-DF96EE25A0DA}.Release|x64.ActiveCfg = Release|Any CPU
		{BF81D413-60BE-4B7B-BA0A-DF96EE25A0DA}.Release|x64.Build.0 = Release|Any CPU
		{BF81D413-60BE-4B7B-BA0A-DF96EE25A0DA}.Release|x86.ActiveCfg = Release|Any CPU
		{BF81D413-60BE-4B7B-BA0A-DF96EE25A0DA}.Release|x86.Build.0 = Release|Any CPU
		{78F14F73-F14F-4E24-983B-D2FFF0171226}.Debug|Any CPU.ActiveCfg = Debug|Any CPU
		{78F14F73-F14F-4E24-983B-D2FFF0171226}.Debug|Any CPU.Build.0 = Debug|Any CPU
		{78F14F73-F14F-4E24-983B-D2FFF0171226}.Debug|x64.ActiveCfg = Debug|Any CPU
		{78F14F73-F14F-4E24-983B-D2FFF0171226}.Debug|x64.Build.0 = Debug|Any CPU
		{78F14F73-F14F-4E24-983B-D2FFF0171226}.Debug|x86.ActiveCfg = Debug|Any CPU
		{78F14F73-F14F-4E24-983B-D2FFF0171226}.Debug|x86.Build.0 = Debug|Any CPU
		{78F14F73-F14F-4E24-983B-D2FFF0171226}.Release|Any CPU.ActiveCfg = Release|Any CPU
		{78F14F73-F14F-4E24-983B-D2FFF0171226}.Release|Any CPU.Build.0 = Release|Any CPU
		{78F14F73-F14F-4E24-983B-D2FFF0171226}.Release|x64.ActiveCfg = Release|Any CPU
		{78F14F73-F14F-4E24-983B-D2FFF0171226}.Release|x64.Build.0 = Release|Any CPU
		{78F14F73-F14F-4E24-983B-D2FFF0171226}.Release|x86.ActiveCfg = Release|Any CPU
		{78F14F73-F14F-4E24-983B-D2FFF0171226}.Release|x86.Build.0 = Release|Any CPU
	EndGlobalSection
	GlobalSection(SolutionProperties) = preSolution
		HideSolutionNode = FALSE
	EndGlobalSection
	GlobalSection(NestedProjects) = preSolution
		{08F7B725-DE5F-4032-D172-198971FA7A47} = {827E0CD3-B72D-47B6-A68D-7590B98EB39B}
		{7CE831F5-A1AF-4E1C-8952-A18A94ADB9F4} = {08F7B725-DE5F-4032-D172-198971FA7A47}
		{5DF42085-4AFD-41E8-B9F7-0E88F40F9B9B} = {08F7B725-DE5F-4032-D172-198971FA7A47}
		{BF81D413-60BE-4B7B-BA0A-DF96EE25A0DA} = {08F7B725-DE5F-4032-D172-198971FA7A47}
		{9133C7DF-9E12-8DC3-92C3-20123F5F6235} = {827E0CD3-B72D-47B6-A68D-7590B98EB39B}
		{78F14F73-F14F-4E24-983B-D2FFF0171226} = {9133C7DF-9E12-8DC3-92C3-20123F5F6235}
	EndGlobalSection
	GlobalSection(ExtensibilityGlobals) = postSolution
		SolutionGuid = {E2F92432-631B-48F5-8D42-22A493B5FAAA}
	EndGlobalSection
EndGlobal
